
Microsoft Visual Studio Solution File, Format Version 12.00
# Visual Studio 2012
Project("{FAE04EC0-301F-11D3-BF4B-00C04F79EFBC}") = "ImageSample", "ImageSample\ImageSample.csproj", "{A5F8EACF-A996-4855-9FC4-86A65CF927DC}"
EndProject
Project("{FAE04EC0-301F-11D3-BF4B-00C04F79EFBC}") = "ImageSample.iOS", "iOS\ImageSample.iOS.csproj", "{1473B207-7AAF-467B-823E-904843C1377B}"
EndProject
Project("{FAE04EC0-301F-11D3-BF4B-00C04F79EFBC}") = "ImageSample.Droid", "Droid\ImageSample.Droid.csproj", "{92301C37-A784-46AD-B876-E1E07C0BCAF6}"
EndProject
Project("{FAE04EC0-301F-11D3-BF4B-00C04F79EFBC}") = "ImageSample.UITests", "UITests\ImageSample.UITests.csproj", "{792233CE-54E5-4D6C-B5A4-15DB81545247}"
EndProject
Global
	GlobalSection(SolutionConfigurationPlatforms) = preSolution
		Debug|Any CPU = Debug|Any CPU
		Release|Any CPU = Release|Any CPU
		Debug|iPhoneSimulator = Debug|iPhoneSimulator
		Release|iPhone = Release|iPhone
		Release|iPhoneSimulator = Release|iPhoneSimulator
		Debug|iPhone = Debug|iPhone
	EndGlobalSection
	GlobalSection(ProjectConfigurationPlatforms) = postSolution
		{1473B207-7AAF-467B-823E-904843C1377B}.Debug|Any CPU.ActiveCfg = Debug|iPhoneSimulator
		{1473B207-7AAF-467B-823E-904843C1377B}.Debug|Any CPU.Build.0 = Debug|iPhoneSimulator
		{1473B207-7AAF-467B-823E-904843C1377B}.Debug|iPhone.ActiveCfg = Debug|iPhone
		{1473B207-7AAF-467B-823E-904843C1377B}.Debug|iPhone.Build.0 = Debug|iPhone
		{1473B207-7AAF-467B-823E-904843C1377B}.Debug|iPhoneSimulator.ActiveCfg = Debug|iPhoneSimulator
		{1473B207-7AAF-467B-823E-904843C1377B}.Debug|iPhoneSimulator.Build.0 = Debug|iPhoneSimulator
		{1473B207-7AAF-467B-823E-904843C1377B}.Release|Any CPU.ActiveCfg = Release|iPhone
		{1473B207-7AAF-467B-823E-904843C1377B}.Release|Any CPU.Build.0 = Release|iPhone
		{1473B207-7AAF-467B-823E-904843C1377B}.Release|iPhone.ActiveCfg = Release|iPhone
		{1473B207-7AAF-467B-823E-904843C1377B}.Release|iPhone.Build.0 = Release|iPhone
		{1473B207-7AAF-467B-823E-904843C1377B}.Release|iPhoneSimulator.ActiveCfg = Release|iPhoneSimulator
		{1473B207-7AAF-467B-823E-904843C1377B}.Release|iPhoneSimulator.Build.0 = Release|iPhoneSimulator
		{792233CE-54E5-4D6C-B5A4-15DB81545247}.Debug|Any CPU.ActiveCfg = Debug|Any CPU
		{792233CE-54E5-4D6C-B5A4-15DB81545247}.Debug|Any CPU.Build.0 = Debug|Any CPU
		{792233CE-54E5-4D6C-B5A4-15DB81545247}.Debug|iPhone.ActiveCfg = Debug|Any CPU
		{792233CE-54E5-4D6C-B5A4-15DB81545247}.Debug|iPhone.Build.0 = Debug|Any CPU
		{792233CE-54E5-4D6C-B5A4-15DB81545247}.Debug|iPhoneSimulator.ActiveCfg = Debug|Any CPU
		{792233CE-54E5-4D6C-B5A4-15DB81545247}.Debug|iPhoneSimulator.Build.0 = Debug|Any CPU
		{792233CE-54E5-4D6C-B5A4-15DB81545247}.Release|Any CPU.ActiveCfg = Release|Any CPU
		{792233CE-54E5-4D6C-B5A4-15DB81545247}.Release|Any CPU.Build.0 = Release|Any CPU
		{792233CE-54E5-4D6C-B5A4-15DB81545247}.Release|iPhone.ActiveCfg = Release|Any CPU
		{792233CE-54E5-4D6C-B5A4-15DB81545247}.Release|iPhone.Build.0 = Release|Any CPU
		{792233CE-54E5-4D6C-B5A4-15DB81545247}.Release|iPhoneSimulator.ActiveCfg = Release|Any CPU
		{792233CE-54E5-4D6C-B5A4-15DB81545247}.Release|iPhoneSimulator.Build.0 = Release|Any CPU
		{92301C37-A784-46AD-B876-E1E07C0BCAF6}.Debug|Any CPU.ActiveCfg = Debug|Any CPU
		{92301C37-A784-46AD-B876-E1E07C0BCAF6}.Debug|Any CPU.Build.0 = Debug|Any CPU
		{92301C37-A784-46AD-B876-E1E07C0BCAF6}.Debug|iPhone.ActiveCfg = Debug|Any CPU
		{92301C37-A784-46AD-B876-E1E07C0BCAF6}.Debug|iPhone.Build.0 = Debug|Any CPU
		{92301C37-A784-46AD-B876-E1E07C0BCAF6}.Debug|iPhoneSimulator.ActiveCfg = Debug|Any CPU
		{92301C37-A784-46AD-B876-E1E07C0BCAF6}.Debug|iPhoneSimulator.Build.0 = Debug|Any CPU
		{92301C37-A784-46AD-B876-E1E07C0BCAF6}.Release|Any CPU.ActiveCfg = Release|Any CPU
		{92301C37-A784-46AD-B876-E1E07C0BCAF6}.Release|Any CPU.Build.0 = Release|Any CPU
		{92301C37-A784-46AD-B876-E1E07C0BCAF6}.Release|iPhone.ActiveCfg = Release|Any CPU
		{92301C37-A784-46AD-B876-E1E07C0BCAF6}.Release|iPhone.Build.0 = Release|Any CPU
		{92301C37-A784-46AD-B876-E1E07C0BCAF6}.Release|iPhoneSimulator.ActiveCfg = Release|Any CPU
		{92301C37-A784-46AD-B876-E1E07C0BCAF6}.Release|iPhoneSimulator.Build.0 = Release|Any CPU
		{A5F8EACF-A996-4855-9FC4-86A65CF927DC}.Debug|Any CPU.ActiveCfg = Debug|Any CPU
		{A5F8EACF-A996-4855-9FC4-86A65CF927DC}.Debug|Any CPU.Build.0 = Debug|Any CPU
		{A5F8EACF-A996-4855-9FC4-86A65CF927DC}.Debug|iPhone.ActiveCfg = Debug|Any CPU
		{A5F8EACF-A996-4855-9FC4-86A65CF927DC}.Debug|iPhone.Build.0 = Debug|Any CPU
		{A5F8EACF-A996-4855-9FC4-86A65CF927DC}.Debug|iPhoneSimulator.ActiveCfg = Debug|Any CPU
		{A5F8EACF-A996-4855-9FC4-86A65CF927DC}.Debug|iPhoneSimulator.Build.0 = Debug|Any CPU
		{A5F8EACF-A996-4855-9FC4-86A65CF927DC}.Release|Any CPU.ActiveCfg = Release|Any CPU
		{A5F8EACF-A996-4855-9FC4-86A65CF927DC}.Release|Any CPU.Build.0 = Release|Any CPU
		{A5F8EACF-A996-4855-9FC4-86A65CF927DC}.Release|iPhone.ActiveCfg = Release|Any CPU
		{A5F8EACF-A996-4855-9FC4-86A65CF927DC}.Release|iPhone.Build.0 = Release|Any CPU
		{A5F8EACF-A996-4855-9FC4-86A65CF927DC}.Release|iPhoneSimulator.ActiveCfg = Release|Any CPU
		{A5F8EACF-A996-4855-9FC4-86A65CF927DC}.Release|iPhoneSimulator.Build.0 = Release|Any CPU
	EndGlobalSection
EndGlobal
